{
  "name": "26-stu_advanced-inquirer",
  "version": "1.0.0",
  "lockfileVersion": 3,
  "requires": true,
  "packages": {
    "": {
      "name": "26-stu_advanced-inquirer",
      "version": "1.0.0",
      "license": "ISC",
      "dependencies": {
        "colors": "^1.4.0",
        "inquiry": "^0.0.3"
      }
    },
    "node_modules/colors": {
      "version": "1.4.0",
      "resolved": "https://registry.npmjs.org/colors/-/colors-1.4.0.tgz",
      "integrity": "sha512-a+UqTh4kgZg/SlGvfbzDHpgRu7AAQOmmqRHJnxhRZICKFUT91brVhNNt58CMWU9PsBbv3PDCZUHbVxuDiH2mtA==",
      "license": "MIT",
      "engines": {
        "node": ">=0.1.90"
      }
    },
    "node_modules/inquiry": {
      "version": "0.0.3",
      "resolved": "https://registry.npmjs.org/inquiry/-/inquiry-0.0.3.tgz",
      "integrity": "sha512-kT2BPSDMwz9ZLdUq+hBu1Ojz8icAh4WiQgByl0NSkaZSuEMgZXHgk+bLGhuLwps8OCCoeDlTgZGDYgvwkSbh8Q==",
      "license": "MIT"
    }
  }
}
